<Project xmlns="http://schemas.microsoft.com/developer/msbuild/2003">
  <PropertyGroup>
    <ProjectGuid>{664A8C00-CAD6-42D5-81CB-5EE2712C0E3B}</ProjectGuid>
    <ProjectVersion>19.5</ProjectVersion>
    <FrameworkType>VCL</FrameworkType>
    <Base>True</Base>
    <Config Condition="'$(Config)'==''">Debug</Config>
    <Platform Condition="'$(Platform)'==''">Win64</Platform>
    <TargetedPlatforms>3</TargetedPlatforms>
    <AppType>Application</AppType>
    <MainSource>NatiaDesktopClient.dpr</MainSource>
    <ProjectName>NatiaDesktopClient</ProjectName>

    <!-- Mantener dependencias de paquetes mínimas para que el esqueleto sea portable. -->
    <DCC_UsePackage>rtl;vcl;$(DCC_UsePackage)</DCC_UsePackage>
  </PropertyGroup>

  <Import Project="$(BDS)\Bin\CodeGear.Delphi.Targets" Condition="Exists('$(BDS)\Bin\CodeGear.Delphi.Targets')" />
</Project>

